
Microsoft Visual Studio Solution File, Format Version 12.00
# Visual Studio 15
VisualStudioVersion = 15.0.27428.2015
MinimumVisualStudioVersion = 10.0.40219.1
Project("{FAE04EC0-301F-11D3-BF4B-00C04F79EFBC}") = "Jqpress.Framework", "Jqpress.Framework\Jqpress.Framework.csproj", "{031479E5-F8E1-4A04-AC54-4F97507C5A2C}"
EndProject
Project("{FAE04EC0-301F-11D3-BF4B-00C04F79EFBC}") = "Jqpress.Core", "Jqpress.Core\Jqpress.Core.csproj", "{34C1EE45-F67E-4372-A898-46F6C0D69E0B}"
EndProject
Project("{FAE04EC0-301F-11D3-BF4B-00C04F79EFBC}") = "Jqpress.WebHost", "Jqpress.WebHost\Jqpress.WebHost.csproj", "{9F998495-6AFC-43C2-8CBD-2DBF0048B2E8}"
EndProject
Global
	GlobalSection(SolutionConfigurationPlatforms) = preSolution
		Debug|Any CPU = Debug|Any CPU
		Release|Any CPU = Release|Any CPU
	EndGlobalSection
	GlobalSection(ProjectConfigurationPlatforms) = postSolution
		{031479E5-F8E1-4A04-AC54-4F97507C5A2C}.Debug|Any CPU.ActiveCfg = Debug|Any CPU
		{031479E5-F8E1-4A04-AC54-4F97507C5A2C}.Debug|Any CPU.Build.0 = Debug|Any CPU
		{031479E5-F8E1-4A04-AC54-4F97507C5A2C}.Release|Any CPU.ActiveCfg = Release|Any CPU
		{031479E5-F8E1-4A04-AC54-4F97507C5A2C}.Release|Any CPU.Build.0 = Release|Any CPU
		{34C1EE45-F67E-4372-A898-46F6C0D69E0B}.Debug|Any CPU.ActiveCfg = Debug|Any CPU
		{34C1EE45-F67E-4372-A898-46F6C0D69E0B}.Debug|Any CPU.Build.0 = Debug|Any CPU
		{34C1EE45-F67E-4372-A898-46F6C0D69E0B}.Release|Any CPU.ActiveCfg = Release|Any CPU
		{34C1EE45-F67E-4372-A898-46F6C0D69E0B}.Release|Any CPU.Build.0 = Release|Any CPU
		{9F998495-6AFC-43C2-8CBD-2DBF0048B2E8}.Debug|Any CPU.ActiveCfg = Debug|Any CPU
		{9F998495-6AFC-43C2-8CBD-2DBF0048B2E8}.Debug|Any CPU.Build.0 = Debug|Any CPU
		{9F998495-6AFC-43C2-8CBD-2DBF0048B2E8}.Release|Any CPU.ActiveCfg = Release|Any CPU
		{9F998495-6AFC-43C2-8CBD-2DBF0048B2E8}.Release|Any CPU.Build.0 = Release|Any CPU
	EndGlobalSection
	GlobalSection(SolutionProperties) = preSolution
		HideSolutionNode = FALSE
	EndGlobalSection
	GlobalSection(ExtensibilityGlobals) = postSolution
		SolutionGuid = {C36BCC2F-617C-45E9-80AB-2FD6DF2B950E}
	EndGlobalSection
EndGlobal
